
Microsoft Visual Studio Solution File, Format Version 12.00
# Visual Studio Version 17
VisualStudioVersion = 17.13.35931.197 d17.13
MinimumVisualStudioVersion = 10.0.40219.1
Project("{FAE04EC0-301F-11D3-BF4B-00C04F79EFBC}") = "Invoice", "Invoice.csproj", "{4912CF6A-4D22-4E78-8C71-699643922ADD}"
EndProject
Global
	GlobalSection(SolutionConfigurationPlatforms) = preSolution
		Debug|Any CPU = Debug|Any CPU
		Release|Any CPU = Release|Any CPU
	EndGlobalSection
	GlobalSection(ProjectConfigurationPlatforms) = postSolution
		{4912CF6A-4D22-4E78-8C71-699643922ADD}.Debug|Any CPU.ActiveCfg = Debug|Any CPU
		{4912CF6A-4D22-4E78-8C71-699643922ADD}.Debug|Any CPU.Build.0 = Debug|Any CPU
		{4912CF6A-4D22-4E78-8C71-699643922ADD}.Release|Any CPU.ActiveCfg = Release|Any CPU
		{4912CF6A-4D22-4E78-8C71-699643922ADD}.Release|Any CPU.Build.0 = Release|Any CPU
	EndGlobalSection
	GlobalSection(SolutionProperties) = preSolution
		HideSolutionNode = FALSE
	EndGlobalSection
	GlobalSection(ExtensibilityGlobals) = postSolution
		SolutionGuid = {4B20E639-2624-4D0A-B39A-8D79CC23B52F}
	EndGlobalSection
EndGlobal
