
Microsoft Visual Studio Solution File, Format Version 12.00
# Visual Studio Version 17
VisualStudioVersion = 17.13.35931.197 d17.13
MinimumVisualStudioVersion = 10.0.40219.1
Project("{FAE04EC0-301F-11D3-BF4B-00C04F79EFBC}") = "Cookies", "Cookies.csproj", "{CFF0A569-301E-4A79-9989-EDCF0D32DC48}"
EndProject
Global
	GlobalSection(SolutionConfigurationPlatforms) = preSolution
		Debug|Any CPU = Debug|Any CPU
		Release|Any CPU = Release|Any CPU
	EndGlobalSection
	GlobalSection(ProjectConfigurationPlatforms) = postSolution
		{CFF0A569-301E-4A79-9989-EDCF0D32DC48}.Debug|Any CPU.ActiveCfg = Debug|Any CPU
		{CFF0A569-301E-4A79-9989-EDCF0D32DC48}.Debug|Any CPU.Build.0 = Debug|Any CPU
		{CFF0A569-301E-4A79-9989-EDCF0D32DC48}.Release|Any CPU.ActiveCfg = Release|Any CPU
		{CFF0A569-301E-4A79-9989-EDCF0D32DC48}.Release|Any CPU.Build.0 = Release|Any CPU
	EndGlobalSection
	GlobalSection(SolutionProperties) = preSolution
		HideSolutionNode = FALSE
	EndGlobalSection
	GlobalSection(ExtensibilityGlobals) = postSolution
		SolutionGuid = {328033DC-E7A7-40DE-B55A-F52E6A861624}
	EndGlobalSection
EndGlobal
